
Microsoft Visual Studio Solution File, Format Version 12.00
# Visual Studio Version 17
VisualStudioVersion = 17.9.34622.214
MinimumVisualStudioVersion = 10.0.40219.1
Project("{9A19103F-16F7-4668-BE54-9A1E7A4F7556}") = "HTMLToPDF_WebApplication", "HTMLToPDF_WebApplication.csproj", "{8561E39B-8497-4255-8C5D-320D49E81DD8}"
EndProject
Global
	GlobalSection(SolutionConfigurationPlatforms) = preSolution
		Debug|Any CPU = Debug|Any CPU
		Release|Any CPU = Release|Any CPU
		Release-Xml|Any CPU = Release-Xml|Any CPU
	EndGlobalSection
	GlobalSection(ProjectConfigurationPlatforms) = postSolution
		{8561E39B-8497-4255-8C5D-320D49E81DD8}.Debug|Any CPU.ActiveCfg = Debug|Any CPU
		{8561E39B-8497-4255-8C5D-320D49E81DD8}.Debug|Any CPU.Build.0 = Debug|Any CPU
		{8561E39B-8497-4255-8C5D-320D49E81DD8}.Release|Any CPU.ActiveCfg = Release|Any CPU
		{8561E39B-8497-4255-8C5D-320D49E81DD8}.Release|Any CPU.Build.0 = Release|Any CPU
		{8561E39B-8497-4255-8C5D-320D49E81DD8}.Release-Xml|Any CPU.ActiveCfg = Release|Any CPU
		{8561E39B-8497-4255-8C5D-320D49E81DD8}.Release-Xml|Any CPU.Build.0 = Release|Any CPU
	EndGlobalSection
	GlobalSection(SolutionProperties) = preSolution
		HideSolutionNode = FALSE
	EndGlobalSection
	GlobalSection(ExtensibilityGlobals) = postSolution
		SolutionGuid = {6DE2CB99-5F1C-48F9-B7F7-FC235D336C47}
	EndGlobalSection
EndGlobal
